
Microsoft Visual Studio Solution File, Format Version 12.00
# Visual Studio Version 16
VisualStudioVersion = 16.0.31515.178
MinimumVisualStudioVersion = 10.0.40219.1
Project("{FAE04EC0-301F-11D3-BF4B-00C04F79EFBC}") = "ClientForBot", "ClientForBot.csproj", "{5F45566A-36E9-4B80-9B58-29D5F67DD5DB}"
EndProject
Global
	GlobalSection(SolutionConfigurationPlatforms) = preSolution
		Debug|Any CPU = Debug|Any CPU
		Release|Any CPU = Release|Any CPU
	EndGlobalSection
	GlobalSection(ProjectConfigurationPlatforms) = postSolution
		{5F45566A-36E9-4B80-9B58-29D5F67DD5DB}.Debug|Any CPU.ActiveCfg = Debug|Any CPU
		{5F45566A-36E9-4B80-9B58-29D5F67DD5DB}.Debug|Any CPU.Build.0 = Debug|Any CPU
		{5F45566A-36E9-4B80-9B58-29D5F67DD5DB}.Release|Any CPU.ActiveCfg = Release|Any CPU
		{5F45566A-36E9-4B80-9B58-29D5F67DD5DB}.Release|Any CPU.Build.0 = Release|Any CPU
	EndGlobalSection
	GlobalSection(SolutionProperties) = preSolution
		HideSolutionNode = FALSE
	EndGlobalSection
	GlobalSection(ExtensibilityGlobals) = postSolution
		SolutionGuid = {17AE2091-109F-40FD-979C-A6751666596E}
	EndGlobalSection
EndGlobal
